
Microsoft Visual Studio Solution File, Format Version 12.00
# Visual Studio Version 17
VisualStudioVersion = 17.4.33213.308
MinimumVisualStudioVersion = 10.0.40219.1
Project("{9A19103F-16F7-4668-BE54-9A1E7A4F7556}") = "SOLUTION1", "SOLUTION1.csproj", "{3C00ABAE-A375-4C7B-BEC4-0B7BE89D3759}"
EndProject
Project("{9A19103F-16F7-4668-BE54-9A1E7A4F7556}") = "SOLUTION2", "SOLUTION2\SOLUTION2.csproj", "{95C1CD80-CD00-4083-AA6C-00837F3EAD63}"
EndProject
Project("{FAE04EC0-301F-11D3-BF4B-00C04F79EFBC}") = "SOLUTION3", "SOLUTION3\SOLUTION3.csproj", "{55370CBB-F659-4F4F-8165-E060B3BB4600}"
EndProject
Global
	GlobalSection(SolutionConfigurationPlatforms) = preSolution
		Debug|Any CPU = Debug|Any CPU
		Release|Any CPU = Release|Any CPU
	EndGlobalSection
	GlobalSection(ProjectConfigurationPlatforms) = postSolution
		{3C00ABAE-A375-4C7B-BEC4-0B7BE89D3759}.Debug|Any CPU.ActiveCfg = Debug|Any CPU
		{3C00ABAE-A375-4C7B-BEC4-0B7BE89D3759}.Debug|Any CPU.Build.0 = Debug|Any CPU
		{3C00ABAE-A375-4C7B-BEC4-0B7BE89D3759}.Release|Any CPU.ActiveCfg = Release|Any CPU
		{3C00ABAE-A375-4C7B-BEC4-0B7BE89D3759}.Release|Any CPU.Build.0 = Release|Any CPU
		{95C1CD80-CD00-4083-AA6C-00837F3EAD63}.Debug|Any CPU.ActiveCfg = Debug|Any CPU
		{95C1CD80-CD00-4083-AA6C-00837F3EAD63}.Debug|Any CPU.Build.0 = Debug|Any CPU
		{95C1CD80-CD00-4083-AA6C-00837F3EAD63}.Release|Any CPU.ActiveCfg = Release|Any CPU
		{95C1CD80-CD00-4083-AA6C-00837F3EAD63}.Release|Any CPU.Build.0 = Release|Any CPU
		{55370CBB-F659-4F4F-8165-E060B3BB4600}.Debug|Any CPU.ActiveCfg = Debug|Any CPU
		{55370CBB-F659-4F4F-8165-E060B3BB4600}.Debug|Any CPU.Build.0 = Debug|Any CPU
		{55370CBB-F659-4F4F-8165-E060B3BB4600}.Release|Any CPU.ActiveCfg = Release|Any CPU
		{55370CBB-F659-4F4F-8165-E060B3BB4600}.Release|Any CPU.Build.0 = Release|Any CPU
	EndGlobalSection
	GlobalSection(SolutionProperties) = preSolution
		HideSolutionNode = FALSE
	EndGlobalSection
	GlobalSection(ExtensibilityGlobals) = postSolution
		SolutionGuid = {6A685F10-226C-42C6-861E-82B0940AAB4C}
	EndGlobalSection
EndGlobal
